
Microsoft Visual Studio Solution File, Format Version 12.00
# Visual Studio Version 17
VisualStudioVersion = 17.13.35828.75 d17.13
MinimumVisualStudioVersion = 10.0.40219.1
Project("{FAE04EC0-301F-11D3-BF4B-00C04F79EFBC}") = "MeterReadingAPI", "MeterReadingAPI\MeterReadingAPI.csproj", "{7B0FC292-C1CA-4A5B-818F-CAED88DCC33E}"
EndProject
Project("{FAE04EC0-301F-11D3-BF4B-00C04F79EFBC}") = "MeterReadingAPITests", "MeterReadingAPITests\MeterReadingAPITests.csproj", "{EECEDE19-2DAA-47F7-89DB-EED084D9AAB4}"
EndProject
Global
	GlobalSection(SolutionConfigurationPlatforms) = preSolution
		Debug|Any CPU = Debug|Any CPU
		Release|Any CPU = Release|Any CPU
	EndGlobalSection
	GlobalSection(ProjectConfigurationPlatforms) = postSolution
		{7B0FC292-C1CA-4A5B-818F-CAED88DCC33E}.Debug|Any CPU.ActiveCfg = Debug|Any CPU
		{7B0FC292-C1CA-4A5B-818F-CAED88DCC33E}.Debug|Any CPU.Build.0 = Debug|Any CPU
		{7B0FC292-C1CA-4A5B-818F-CAED88DCC33E}.Release|Any CPU.ActiveCfg = Release|Any CPU
		{7B0FC292-C1CA-4A5B-818F-CAED88DCC33E}.Release|Any CPU.Build.0 = Release|Any CPU
		{EECEDE19-2DAA-47F7-89DB-EED084D9AAB4}.Debug|Any CPU.ActiveCfg = Debug|Any CPU
		{EECEDE19-2DAA-47F7-89DB-EED084D9AAB4}.Debug|Any CPU.Build.0 = Debug|Any CPU
		{EECEDE19-2DAA-47F7-89DB-EED084D9AAB4}.Release|Any CPU.ActiveCfg = Release|Any CPU
		{EECEDE19-2DAA-47F7-89DB-EED084D9AAB4}.Release|Any CPU.Build.0 = Release|Any CPU
	EndGlobalSection
	GlobalSection(SolutionProperties) = preSolution
		HideSolutionNode = FALSE
	EndGlobalSection
	GlobalSection(ExtensibilityGlobals) = postSolution
		SolutionGuid = {E387EC6D-65D9-496C-9864-08D586690322}
	EndGlobalSection
EndGlobal
